
Microsoft Visual Studio Solution File, Format Version 12.00
# Visual Studio Version 16
VisualStudioVersion = 16.0.29418.71
MinimumVisualStudioVersion = 10.0.40219.1
Project("{FAE04EC0-301F-11D3-BF4B-00C04F79EFBC}") = "eRecarga", "eRecarga.csproj", "{4EFCD7DA-8113-4332-9620-2E5EFAAB619B}"
EndProject
Global
	GlobalSection(SolutionConfigurationPlatforms) = preSolution
		Debug|Any CPU = Debug|Any CPU
		Release|Any CPU = Release|Any CPU
	EndGlobalSection
	GlobalSection(ProjectConfigurationPlatforms) = postSolution
		{4EFCD7DA-8113-4332-9620-2E5EFAAB619B}.Debug|Any CPU.ActiveCfg = Debug|Any CPU
		{4EFCD7DA-8113-4332-9620-2E5EFAAB619B}.Debug|Any CPU.Build.0 = Debug|Any CPU
		{4EFCD7DA-8113-4332-9620-2E5EFAAB619B}.Release|Any CPU.ActiveCfg = Release|Any CPU
		{4EFCD7DA-8113-4332-9620-2E5EFAAB619B}.Release|Any CPU.Build.0 = Release|Any CPU
	EndGlobalSection
	GlobalSection(SolutionProperties) = preSolution
		HideSolutionNode = FALSE
	EndGlobalSection
	GlobalSection(ExtensibilityGlobals) = postSolution
		SolutionGuid = {D256AA1C-E509-42DF-AE81-EA334443B4D9}
	EndGlobalSection
EndGlobal
